
Microsoft Visual Studio Solution File, Format Version 12.00
# Visual Studio Version 17
VisualStudioVersion = 17.7.34031.279
MinimumVisualStudioVersion = 10.0.40219.1
Project("{FAE04EC0-301F-11D3-BF4B-00C04F79EFBC}") = "API", "API\API.csproj", "{64D9DABD-E76A-4687-8663-89A02719431D}"
EndProject
Global
	GlobalSection(SolutionConfigurationPlatforms) = preSolution
		Debug|Any CPU = Debug|Any CPU
		Release|Any CPU = Release|Any CPU
	EndGlobalSection
	GlobalSection(ProjectConfigurationPlatforms) = postSolution
		{64D9DABD-E76A-4687-8663-89A02719431D}.Debug|Any CPU.ActiveCfg = Debug|Any CPU
		{64D9DABD-E76A-4687-8663-89A02719431D}.Debug|Any CPU.Build.0 = Debug|Any CPU
		{64D9DABD-E76A-4687-8663-89A02719431D}.Release|Any CPU.ActiveCfg = Release|Any CPU
		{64D9DABD-E76A-4687-8663-89A02719431D}.Release|Any CPU.Build.0 = Release|Any CPU
	EndGlobalSection
	GlobalSection(SolutionProperties) = preSolution
		HideSolutionNode = FALSE
	EndGlobalSection
	GlobalSection(ExtensibilityGlobals) = postSolution
		SolutionGuid = {EEE4B12B-0661-4993-983D-9F86DC2228F0}
	EndGlobalSection
EndGlobal
